
Microsoft Visual Studio Solution File, Format Version 12.00
# Visual Studio 2013
VisualStudioVersion = 12.0.40629.0
MinimumVisualStudioVersion = 10.0.40219.1
Project("{FAE04EC0-301F-11D3-BF4B-00C04F79EFBC}") = "Website", "Website\Website.csproj", "{F4AAC113-EE2D-4DBD-863C-72E5F9DDFF12}"
EndProject
Project("{FAE04EC0-301F-11D3-BF4B-00C04F79EFBC}") = "formulate.app", "formulate.app\formulate.app.csproj", "{C1294AC3-8A67-49D1-BEC1-F88E82BE152C}"
EndProject
Global
	GlobalSection(SolutionConfigurationPlatforms) = preSolution
		Debug|Any CPU = Debug|Any CPU
		Release|Any CPU = Release|Any CPU
	EndGlobalSection
	GlobalSection(ProjectConfigurationPlatforms) = postSolution
		{F4AAC113-EE2D-4DBD-863C-72E5F9DDFF12}.Debug|Any CPU.ActiveCfg = Debug|Any CPU
		{F4AAC113-EE2D-4DBD-863C-72E5F9DDFF12}.Debug|Any CPU.Build.0 = Debug|Any CPU
		{F4AAC113-EE2D-4DBD-863C-72E5F9DDFF12}.Release|Any CPU.ActiveCfg = Release|Any CPU
		{F4AAC113-EE2D-4DBD-863C-72E5F9DDFF12}.Release|Any CPU.Build.0 = Release|Any CPU
		{C1294AC3-8A67-49D1-BEC1-F88E82BE152C}.Debug|Any CPU.ActiveCfg = Debug|Any CPU
		{C1294AC3-8A67-49D1-BEC1-F88E82BE152C}.Debug|Any CPU.Build.0 = Debug|Any CPU
		{C1294AC3-8A67-49D1-BEC1-F88E82BE152C}.Release|Any CPU.ActiveCfg = Release|Any CPU
		{C1294AC3-8A67-49D1-BEC1-F88E82BE152C}.Release|Any CPU.Build.0 = Release|Any CPU
	EndGlobalSection
	GlobalSection(SolutionProperties) = preSolution
		HideSolutionNode = FALSE
	EndGlobalSection
EndGlobal
