
Microsoft Visual Studio Solution File, Format Version 12.00
# Visual Studio Version 17
VisualStudioVersion = 17.0.32014.148
MinimumVisualStudioVersion = 10.0.40219.1
Project("{9A19103F-16F7-4668-BE54-9A1E7A4F7556}") = "Formulate", "Formulate\Formulate.csproj", "{3CDF6690-944D-4CE2-972B-9C15069CFE0A}"
EndProject
Project("{9A19103F-16F7-4668-BE54-9A1E7A4F7556}") = "Formulate.Core", "Formulate.Core\Formulate.Core.csproj", "{FB14D712-59FA-4A25-8A58-030F3C409BEB}"
EndProject
Project("{9A19103F-16F7-4668-BE54-9A1E7A4F7556}") = "Formulate.BackOffice", "Formulate.BackOffice\Formulate.BackOffice.csproj", "{F4BD2A2E-8BDD-4699-9BC1-90F3237C7E1B}"
EndProject
Project("{2150E333-8FDC-42A3-9474-1A3956D46DE8}") = "Solution Items", "Solution Items", "{4939DE07-59E3-4D38-93DE-F5D4765800A5}"
	ProjectSection(SolutionItems) = preProject
		.editorconfig = .editorconfig
	EndProjectSection
EndProject
Project("{9A19103F-16F7-4668-BE54-9A1E7A4F7556}") = "Formulate.Core.Tests", "Formulate.Core.Tests\Formulate.Core.Tests.csproj", "{C618DF7A-B506-484C-9E5E-E2BE24875BFF}"
EndProject
Project("{9A19103F-16F7-4668-BE54-9A1E7A4F7556}") = "Formulate.BackOffice.StaticAssets", "Formulate.BackOffice.StaticAssets\Formulate.BackOffice.StaticAssets.csproj", "{51F865B7-28E7-4FD1-AB15-39D81D6419D4}"
	ProjectSection(ProjectDependencies) = postProject
		{329781CD-8683-40BB-AFF6-30E2D63FEC42} = {329781CD-8683-40BB-AFF6-30E2D63FEC42}
	EndProjectSection
EndProject
Project("{9A19103F-16F7-4668-BE54-9A1E7A4F7556}") = "Formulate.BackOffice.Tests", "Formulate.BackOffice.Tests\Formulate.BackOffice.Tests.csproj", "{C2CB4909-CB39-4149-A019-8F96DB698535}"
EndProject
Project("{2150E333-8FDC-42A3-9474-1A3956D46DE8}") = "Tests", "Tests", "{8C7E4833-E8B4-40BC-B8C3-575CFABB4219}"
EndProject
Project("{9A19103F-16F7-4668-BE54-9A1E7A4F7556}") = "CustomBuildActions", "CustomBuildActions\CustomBuildActions.csproj", "{329781CD-8683-40BB-AFF6-30E2D63FEC42}"
EndProject
Project("{FAE04EC0-301F-11D3-BF4B-00C04F79EFBC}") = "Website", "Website\Website.csproj", "{D4D29325-F2D3-4086-A26A-11376B66FA43}"
EndProject
Global
	GlobalSection(SolutionConfigurationPlatforms) = preSolution
		Debug|Any CPU = Debug|Any CPU
		Release|Any CPU = Release|Any CPU
	EndGlobalSection
	GlobalSection(ProjectConfigurationPlatforms) = postSolution
		{3CDF6690-944D-4CE2-972B-9C15069CFE0A}.Debug|Any CPU.ActiveCfg = Debug|Any CPU
		{3CDF6690-944D-4CE2-972B-9C15069CFE0A}.Debug|Any CPU.Build.0 = Debug|Any CPU
		{3CDF6690-944D-4CE2-972B-9C15069CFE0A}.Release|Any CPU.ActiveCfg = Release|Any CPU
		{3CDF6690-944D-4CE2-972B-9C15069CFE0A}.Release|Any CPU.Build.0 = Release|Any CPU
		{FB14D712-59FA-4A25-8A58-030F3C409BEB}.Debug|Any CPU.ActiveCfg = Debug|Any CPU
		{FB14D712-59FA-4A25-8A58-030F3C409BEB}.Debug|Any CPU.Build.0 = Debug|Any CPU
		{FB14D712-59FA-4A25-8A58-030F3C409BEB}.Release|Any CPU.ActiveCfg = Release|Any CPU
		{FB14D712-59FA-4A25-8A58-030F3C409BEB}.Release|Any CPU.Build.0 = Release|Any CPU
		{F4BD2A2E-8BDD-4699-9BC1-90F3237C7E1B}.Debug|Any CPU.ActiveCfg = Debug|Any CPU
		{F4BD2A2E-8BDD-4699-9BC1-90F3237C7E1B}.Debug|Any CPU.Build.0 = Debug|Any CPU
		{F4BD2A2E-8BDD-4699-9BC1-90F3237C7E1B}.Release|Any CPU.ActiveCfg = Release|Any CPU
		{F4BD2A2E-8BDD-4699-9BC1-90F3237C7E1B}.Release|Any CPU.Build.0 = Release|Any CPU
		{C618DF7A-B506-484C-9E5E-E2BE24875BFF}.Debug|Any CPU.ActiveCfg = Debug|Any CPU
		{C618DF7A-B506-484C-9E5E-E2BE24875BFF}.Debug|Any CPU.Build.0 = Debug|Any CPU
		{C618DF7A-B506-484C-9E5E-E2BE24875BFF}.Release|Any CPU.ActiveCfg = Release|Any CPU
		{C618DF7A-B506-484C-9E5E-E2BE24875BFF}.Release|Any CPU.Build.0 = Release|Any CPU
		{51F865B7-28E7-4FD1-AB15-39D81D6419D4}.Debug|Any CPU.ActiveCfg = Debug|Any CPU
		{51F865B7-28E7-4FD1-AB15-39D81D6419D4}.Debug|Any CPU.Build.0 = Debug|Any CPU
		{51F865B7-28E7-4FD1-AB15-39D81D6419D4}.Release|Any CPU.ActiveCfg = Release|Any CPU
		{51F865B7-28E7-4FD1-AB15-39D81D6419D4}.Release|Any CPU.Build.0 = Release|Any CPU
		{C2CB4909-CB39-4149-A019-8F96DB698535}.Debug|Any CPU.ActiveCfg = Debug|Any CPU
		{C2CB4909-CB39-4149-A019-8F96DB698535}.Debug|Any CPU.Build.0 = Debug|Any CPU
		{C2CB4909-CB39-4149-A019-8F96DB698535}.Release|Any CPU.ActiveCfg = Release|Any CPU
		{C2CB4909-CB39-4149-A019-8F96DB698535}.Release|Any CPU.Build.0 = Release|Any CPU
		{329781CD-8683-40BB-AFF6-30E2D63FEC42}.Debug|Any CPU.ActiveCfg = Debug|Any CPU
		{329781CD-8683-40BB-AFF6-30E2D63FEC42}.Debug|Any CPU.Build.0 = Debug|Any CPU
		{329781CD-8683-40BB-AFF6-30E2D63FEC42}.Release|Any CPU.ActiveCfg = Release|Any CPU
		{329781CD-8683-40BB-AFF6-30E2D63FEC42}.Release|Any CPU.Build.0 = Release|Any CPU
		{D4D29325-F2D3-4086-A26A-11376B66FA43}.Debug|Any CPU.ActiveCfg = Debug|Any CPU
		{D4D29325-F2D3-4086-A26A-11376B66FA43}.Debug|Any CPU.Build.0 = Debug|Any CPU
		{D4D29325-F2D3-4086-A26A-11376B66FA43}.Release|Any CPU.ActiveCfg = Release|Any CPU
		{D4D29325-F2D3-4086-A26A-11376B66FA43}.Release|Any CPU.Build.0 = Release|Any CPU
	EndGlobalSection
	GlobalSection(SolutionProperties) = preSolution
		HideSolutionNode = FALSE
	EndGlobalSection
	GlobalSection(NestedProjects) = preSolution
		{C618DF7A-B506-484C-9E5E-E2BE24875BFF} = {8C7E4833-E8B4-40BC-B8C3-575CFABB4219}
		{C2CB4909-CB39-4149-A019-8F96DB698535} = {8C7E4833-E8B4-40BC-B8C3-575CFABB4219}
	EndGlobalSection
	GlobalSection(ExtensibilityGlobals) = postSolution
		SolutionGuid = {5C750D92-CD67-4163-819C-565C1C639667}
	EndGlobalSection
EndGlobal
