
Microsoft Visual Studio Solution File, Format Version 12.00
# Visual Studio 15
VisualStudioVersion = 15.0.28010.2016
MinimumVisualStudioVersion = 10.0.40219.1
Project("{FAE04EC0-301F-11D3-BF4B-00C04F79EFBC}") = "formulate.app", "formulate.app\formulate.app.csproj", "{C1294AC3-8A67-49D1-BEC1-F88E82BE152C}"
EndProject
Project("{FAE04EC0-301F-11D3-BF4B-00C04F79EFBC}") = "formulate.meta", "formulate.meta\formulate.meta.csproj", "{0A354B54-F772-4877-8BEA-0D8B6391600B}"
EndProject
Project("{FAE04EC0-301F-11D3-BF4B-00C04F79EFBC}") = "formulate.core", "formulate.core\formulate.core.csproj", "{80F40F16-829D-430F-B325-0B5246FE4AC2}"
EndProject
Project("{FAE04EC0-301F-11D3-BF4B-00C04F79EFBC}") = "formulate.api", "formulate.api\formulate.api.csproj", "{C9ADAC83-27BA-47BC-8EDC-09045F2192C3}"
EndProject
Project("{FAE04EC0-301F-11D3-BF4B-00C04F79EFBC}") = "formulate.deploy", "formulate.deploy\formulate.deploy.csproj", "{7220FEED-00DC-4855-BDC9-42C0637AFE1D}"
EndProject
Project("{FAE04EC0-301F-11D3-BF4B-00C04F79EFBC}") = "Website", "Website\Website.csproj", "{126BBFCF-8746-42C7-BE87-E2033ADD37F0}"
EndProject
Global
	GlobalSection(SolutionConfigurationPlatforms) = preSolution
		Debug|Any CPU = Debug|Any CPU
		Release|Any CPU = Release|Any CPU
	EndGlobalSection
	GlobalSection(ProjectConfigurationPlatforms) = postSolution
		{C1294AC3-8A67-49D1-BEC1-F88E82BE152C}.Debug|Any CPU.ActiveCfg = Debug|Any CPU
		{C1294AC3-8A67-49D1-BEC1-F88E82BE152C}.Debug|Any CPU.Build.0 = Debug|Any CPU
		{C1294AC3-8A67-49D1-BEC1-F88E82BE152C}.Release|Any CPU.ActiveCfg = Release|Any CPU
		{C1294AC3-8A67-49D1-BEC1-F88E82BE152C}.Release|Any CPU.Build.0 = Release|Any CPU
		{0A354B54-F772-4877-8BEA-0D8B6391600B}.Debug|Any CPU.ActiveCfg = Debug|Any CPU
		{0A354B54-F772-4877-8BEA-0D8B6391600B}.Debug|Any CPU.Build.0 = Debug|Any CPU
		{0A354B54-F772-4877-8BEA-0D8B6391600B}.Release|Any CPU.ActiveCfg = Release|Any CPU
		{0A354B54-F772-4877-8BEA-0D8B6391600B}.Release|Any CPU.Build.0 = Release|Any CPU
		{80F40F16-829D-430F-B325-0B5246FE4AC2}.Debug|Any CPU.ActiveCfg = Debug|Any CPU
		{80F40F16-829D-430F-B325-0B5246FE4AC2}.Debug|Any CPU.Build.0 = Debug|Any CPU
		{80F40F16-829D-430F-B325-0B5246FE4AC2}.Release|Any CPU.ActiveCfg = Release|Any CPU
		{80F40F16-829D-430F-B325-0B5246FE4AC2}.Release|Any CPU.Build.0 = Release|Any CPU
		{C9ADAC83-27BA-47BC-8EDC-09045F2192C3}.Debug|Any CPU.ActiveCfg = Debug|Any CPU
		{C9ADAC83-27BA-47BC-8EDC-09045F2192C3}.Debug|Any CPU.Build.0 = Debug|Any CPU
		{C9ADAC83-27BA-47BC-8EDC-09045F2192C3}.Release|Any CPU.ActiveCfg = Release|Any CPU
		{C9ADAC83-27BA-47BC-8EDC-09045F2192C3}.Release|Any CPU.Build.0 = Release|Any CPU
		{7220FEED-00DC-4855-BDC9-42C0637AFE1D}.Debug|Any CPU.ActiveCfg = Debug|Any CPU
		{7220FEED-00DC-4855-BDC9-42C0637AFE1D}.Debug|Any CPU.Build.0 = Debug|Any CPU
		{7220FEED-00DC-4855-BDC9-42C0637AFE1D}.Release|Any CPU.ActiveCfg = Release|Any CPU
		{7220FEED-00DC-4855-BDC9-42C0637AFE1D}.Release|Any CPU.Build.0 = Release|Any CPU
		{126BBFCF-8746-42C7-BE87-E2033ADD37F0}.Debug|Any CPU.ActiveCfg = Debug|Any CPU
		{126BBFCF-8746-42C7-BE87-E2033ADD37F0}.Debug|Any CPU.Build.0 = Debug|Any CPU
		{126BBFCF-8746-42C7-BE87-E2033ADD37F0}.Release|Any CPU.ActiveCfg = Release|Any CPU
		{126BBFCF-8746-42C7-BE87-E2033ADD37F0}.Release|Any CPU.Build.0 = Release|Any CPU
	EndGlobalSection
	GlobalSection(SolutionProperties) = preSolution
		HideSolutionNode = FALSE
	EndGlobalSection
	GlobalSection(ExtensibilityGlobals) = postSolution
		SolutionGuid = {0836EA56-08CD-4399-ACC6-8C5909AEB11E}
	EndGlobalSection
EndGlobal
